{
  "name": "screenshot-service",
  "version": "1.0.0",
  "lockfileVersion": 3,
  "requires": true,
  "packages": {
    "": {
      "name": "screenshot-service",
      "version": "1.0.0",
      "license": "ISC",
      "dependencies": {
        "http": "^0.0.1-security",
        "node-screenshots": "^0.2.1"
      }
    },
    "node_modules/http": {
      "version": "0.0.1-security",
      "resolved": "https://registry.npmjs.org/http/-/http-0.0.1-security.tgz",
      "integrity": "sha512-RnDvP10Ty9FxqOtPZuxtebw1j4L/WiqNMDtuc1YMH1XQm5TgDRaR1G9u8upL6KD1bXHSp9eSXo/ED+8Q7FAr+g=="
    },
    "node_modules/node-screenshots": {
      "version": "0.2.1",
      "resolved": "https://registry.npmjs.org/node-screenshots/-/node-screenshots-0.2.1.tgz",
      "integrity": "sha512-1UY7VY/34uE6Giq/Winl0J7022KKwWt9T9Gu5ZBCxhXkWrv9q5pTVQRgZCcUIsIHq3zu8UFu5s8rqgauK2CnLA==",
      "engines": {
        "node": ">= 10"
      },
      "optionalDependencies": {
        "node-screenshots-darwin-arm64": "0.2.1",
        "node-screenshots-darwin-universal": "0.2.1",
        "node-screenshots-darwin-x64": "0.2.1",
        "node-screenshots-linux-x64-gnu": "0.2.1",
        "node-screenshots-linux-x64-musl": "0.2.1",
        "node-screenshots-win32-arm64-msvc": "0.2.1",
        "node-screenshots-win32-ia32-msvc": "0.2.1",
        "node-screenshots-win32-x64-msvc": "0.2.1"
      }
    },
    "node_modules/node-screenshots-darwin-arm64": {
      "version": "0.2.1",
      "resolved": "https://registry.npmjs.org/node-screenshots-darwin-arm64/-/node-screenshots-darwin-arm64-0.2.1.tgz",
      "integrity": "sha512-mcNcdn5zABYNVXIb1vq58mItFlpr03T8VJetD892qy+hqNAQdZd/vvplw+ZIlb4tuH7sR1gia67WRsBRO5nrQA==",
      "cpu": [
        "arm64"
      ],
      "optional": true,
      "os": [
        "darwin"
      ],
      "engines": {
        "node": ">= 10"
      }
    },
    "node_modules/node-screenshots-darwin-universal": {
      "version": "0.2.1",
      "resolved": "https://registry.npmjs.org/node-screenshots-darwin-universal/-/node-screenshots-darwin-universal-0.2.1.tgz",
      "integrity": "sha512-cNqBasCyMU/P87Ej3hK/vedAk86DrVkpoxd2zz5qLA3h850Ew9qb/7g0MTYsRatbZFoLhw7MgFwAZkiNh4Mr9g==",
      "optional": true,
      "os": [
        "darwin"
      ],
      "engines": {
        "node": ">= 10"
      }
    },
    "node_modules/node-screenshots-darwin-x64": {
      "version": "0.2.1",
      "resolved": "https://registry.npmjs.org/node-screenshots-darwin-x64/-/node-screenshots-darwin-x64-0.2.1.tgz",
      "integrity": "sha512-8TOou5WwytgGV+IuV1vnnYaGzwfYgIw6XkOoZtt4qhSmTEW0K8EGa46Uq42/W5qQPxKt3GLqjlY3wL69eZWIyA==",
      "cpu": [
        "x64"
      ],
      "optional": true,
      "os": [
        "darwin"
      ],
      "engines": {
        "node": ">= 10"
      }
    },
    "node_modules/node-screenshots-linux-x64-gnu": {
      "version": "0.2.1",
      "resolved": "https://registry.npmjs.org/node-screenshots-linux-x64-gnu/-/node-screenshots-linux-x64-gnu-0.2.1.tgz",
      "integrity": "sha512-P2h511my2JytMSAW8+uvO+lGj1BwapERWbC6i56u5WbLIy/zgT1SQwNvcZNbPE8sxb1q8pqF3MerLcftnW0f+w==",
      "cpu": [
        "x64"
      ],
      "optional": true,
      "os": [
        "linux"
      ],
      "engines": {
        "node": ">= 10"
      }
    },
    "node_modules/node-screenshots-linux-x64-musl": {
      "version": "0.2.1",
      "resolved": "https://registry.npmjs.org/node-screenshots-linux-x64-musl/-/node-screenshots-linux-x64-musl-0.2.1.tgz",
      "integrity": "sha512-+B37/VYzH86ywWyF9XkYYicyf/BTan4TADsmxPlK+a/UHHZEnp1YjEM66sBIQTIVhVhv1DC6YUv9AppBpoV9AA==",
      "cpu": [
        "x64"
      ],
      "optional": true,
      "os": [
        "linux"
      ],
      "engines": {
        "node": ">= 10"
      }
    },
    "node_modules/node-screenshots-win32-arm64-msvc": {
      "version": "0.2.1",
      "resolved": "https://registry.npmjs.org/node-screenshots-win32-arm64-msvc/-/node-screenshots-win32-arm64-msvc-0.2.1.tgz",
      "integrity": "sha512-+sj1FAF4qufcWO1KdmCOhPRMELfWu7hRv2qvr8e3jLPLM0/XGU8UTWWej9qAhf3UY83LaAsvxMhzai9JLIis1w==",
      "cpu": [
        "arm64"
      ],
      "optional": true,
      "os": [
        "win32"
      ],
      "engines": {
        "node": ">= 10"
      }
    },
    "node_modules/node-screenshots-win32-ia32-msvc": {
      "version": "0.2.1",
      "resolved": "https://registry.npmjs.org/node-screenshots-win32-ia32-msvc/-/node-screenshots-win32-ia32-msvc-0.2.1.tgz",
      "integrity": "sha512-8fzmFqbotHAzwIARG9fI8eD+Vw2g98Bl7aKlhu57nCjCXNrdl4Ck+b3uvMjdQD+v7rKC/sT+NZK973y4YgRoMA==",
      "cpu": [
        "ia32"
      ],
      "optional": true,
      "os": [
        "win32"
      ],
      "engines": {
        "node": ">= 10"
      }
    },
    "node_modules/node-screenshots-win32-x64-msvc": {
      "version": "0.2.1",
      "resolved": "https://registry.npmjs.org/node-screenshots-win32-x64-msvc/-/node-screenshots-win32-x64-msvc-0.2.1.tgz",
      "integrity": "sha512-dfxAck3LR9eTYpc/hVtomQYxpP/80p4+vP9k1whDBCClTzRlHvgx1U9b6c5bYpe8JZFtCZsJL75S5p0kQJk7Dg==",
      "cpu": [
        "x64"
      ],
      "optional": true,
      "os": [
        "win32"
      ],
      "engines": {
        "node": ">= 10"
      }
    }
  }
}
